Microsoft Visual Studio Solution File, Format Version 12.00
# Visual Studio Version 17
VisualStudioVersion = 17.0.31903.59
MinimumVisualStudioVersion = 10.0.40219.1
Project("{FAE04EC0-301F-11D3-BF4B-00C04F79EFBC}") = "83", "83\83.csproj", "{83A1B2C3-D4E5-F6A7-B8C9-D0E1F2A3B4C5}"
EndProject
Project("{FAE04EC0-301F-11D3-BF4B-00C04F79EFBC}") = "83.Tests", "83.Tests\83.Tests.csproj", "{83A1B2C3-D4E5-F6A7-B8C9-D0E1F2A3B4C6}"
EndProject
Project("{FAE04EC0-301F-11D3-BF4B-00C04F79EFBC}") = "LinkedList", "LinkedList\LinkedList.csproj", "{83F05E8D-53A8-4A0F-9F0F-07240E906787}"
EndProject
Project("{FAE04EC0-301F-11D3-BF4B-00C04F79EFBC}") = "LinkedListTest", "LinkedListTest\LinkedListTest.csproj", "{9C3D91DB-F0D4-44B3-A48C-1A5321C44F76}"
EndProject
Project("{FAE04EC0-301F-11D3-BF4B-00C04F79EFBC}") = "TestProject", "TestProject\TestProject.csproj", "{C08A24D4-09FC-403D-BC2D-91FD27372F0C}"
EndProject
Project("{FAE04EC0-301F-11D3-BF4B-00C04F79EFBC}") = "_9_palindrome_number", "_9_palindrome_number\_9_palindrome_number.csproj", "{F40A00FA-1B4A-4179-B879-7D7A9F00AE2A}"
EndProject
Global
	GlobalSection(SolutionConfigurationPlatforms) = preSolution
		Debug|Any CPU = Debug|Any CPU
		Release|Any CPU = Release|Any CPU
	EndGlobalSection
	GlobalSection(ProjectConfigurationPlatforms) = postSolution
		{83A1B2C3-D4E5-F6A7-B8C9-D0E1F2A3B4C5}.Debug|Any CPU.ActiveCfg = Debug|Any CPU
		{83A1B2C3-D4E5-F6A7-B8C9-D0E1F2A3B4C5}.Debug|Any CPU.Build.0 = Debug|Any CPU
		{83A1B2C3-D4E5-F6A7-B8C9-D0E1F2A3B4C5}.Release|Any CPU.ActiveCfg = Release|Any CPU
		{83A1B2C3-D4E5-F6A7-B8C9-D0E1F2A3B4C5}.Release|Any CPU.Build.0 = Release|Any CPU
		{83A1B2C3-D4E5-F6A7-B8C9-D0E1F2A3B4C6}.Debug|Any CPU.ActiveCfg = Debug|Any CPU
		{83A1B2C3-D4E5-F6A7-B8C9-D0E1F2A3B4C6}.Debug|Any CPU.Build.0 = Debug|Any CPU
		{83A1B2C3-D4E5-F6A7-B8C9-D0E1F2A3B4C6}.Release|Any CPU.ActiveCfg = Release|Any CPU
		{83A1B2C3-D4E5-F6A7-B8C9-D0E1F2A3B4C6}.Release|Any CPU.Build.0 = Release|Any CPU
		{83F05E8D-53A8-4A0F-9F0F-07240E906787}.Debug|Any CPU.ActiveCfg = Debug|Any CPU
		{83F05E8D-53A8-4A0F-9F0F-07240E906787}.Debug|Any CPU.Build.0 = Debug|Any CPU
		{83F05E8D-53A8-4A0F-9F0F-07240E906787}.Release|Any CPU.ActiveCfg = Release|Any CPU
		{83F05E8D-53A8-4A0F-9F0F-07240E906787}.Release|Any CPU.Build.0 = Release|Any CPU
		{9C3D91DB-F0D4-44B3-A48C-1A5321C44F76}.Debug|Any CPU.ActiveCfg = Debug|Any CPU
		{9C3D91DB-F0D4-44B3-A48C-1A5321C44F76}.Debug|Any CPU.Build.0 = Debug|Any CPU
		{9C3D91DB-F0D4-44B3-A48C-1A5321C44F76}.Release|Any CPU.ActiveCfg = Release|Any CPU
		{9C3D91DB-F0D4-44B3-A48C-1A5321C44F76}.Release|Any CPU.Build.0 = Release|Any CPU
		{C08A24D4-09FC-403D-BC2D-91FD27372F0C}.Debug|Any CPU.ActiveCfg = Debug|Any CPU
		{C08A24D4-09FC-403D-BC2D-91FD27372F0C}.Debug|Any CPU.Build.0 = Debug|Any CPU
		{C08A24D4-09FC-403D-BC2D-91FD27372F0C}.Release|Any CPU.ActiveCfg = Release|Any CPU
		{C08A24D4-09FC-403D-BC2D-91FD27372F0C}.Release|Any CPU.Build.0 = Release|Any CPU
		{F40A00FA-1B4A-4179-B879-7D7A9F00AE2A}.Debug|Any CPU.ActiveCfg = Debug|Any CPU
		{F40A00FA-1B4A-4179-B879-7D7A9F00AE2A}.Debug|Any CPU.Build.0 = Debug|Any CPU
		{F40A00FA-1B4A-4179-B879-7D7A9F00AE2A}.Release|Any CPU.ActiveCfg = Release|Any CPU
		{F40A00FA-1B4A-4179-B879-7D7A9F00AE2A}.Release|Any CPU.Build.0 = Release|Any CPU
	EndGlobalSection
EndGlobal
